
Microsoft Visual Studio Solution File, Format Version 12.00
# Visual Studio 15
VisualStudioVersion = 15.0.26430.13
MinimumVisualStudioVersion = 10.0.40219.1
Project("{8BC9CEB8-8B4A-11D0-8D11-00A0C91BC942}") = "Tegami", "Tegami\Tegami.vcxproj", "{336A2653-5060-4F12-9E7A-8234307A8345}"
	ProjectSection(ProjectDependencies) = postProject
		{1441267D-3F87-43FD-BF1E-1B5A7919410D} = {1441267D-3F87-43FD-BF1E-1B5A7919410D}
		{D1C528B6-AA02-4D29-9D61-DC08E317A70D} = {D1C528B6-AA02-4D29-9D61-DC08E317A70D}
	EndProjectSection
EndProject
Project("{8BC9CEB8-8B4A-11D0-8D11-00A0C91BC942}") = "OsuukiSB", "OsuukiSB\OsuukiSB.vcxproj", "{1441267D-3F87-43FD-BF1E-1B5A7919410D}"
EndProject
Project("{F184B08F-C81C-45F6-A57F-5ABD9991F28F}") = "StrokeImage", "StrokeImage\StrokeImage.vbproj", "{36591920-2D57-49EA-9149-66D48BD73F2F}"
EndProject
Project("{F184B08F-C81C-45F6-A57F-5ABD9991F28F}") = "StrokeAnimation", "StrokeAnimation\StrokeAnimation.vbproj", "{3D84CE03-5613-45B1-81A1-76F538BA2572}"
EndProject
Project("{8BC9CEB8-8B4A-11D0-8D11-00A0C91BC942}") = "tinyxml2", "tinyxml2-master\tinyxml2\tinyxml2.vcxproj", "{D1C528B6-AA02-4D29-9D61-DC08E317A70D}"
EndProject
Global
	GlobalSection(SolutionConfigurationPlatforms) = preSolution
		Debug|Any CPU = Debug|Any CPU
		Debug|x64 = Debug|x64
		Debug|x86 = Debug|x86
		Debug-Dll|Any CPU = Debug-Dll|Any CPU
		Debug-Dll|x64 = Debug-Dll|x64
		Debug-Dll|x86 = Debug-Dll|x86
		Debug-Lib|Any CPU = Debug-Lib|Any CPU
		Debug-Lib|x64 = Debug-Lib|x64
		Debug-Lib|x86 = Debug-Lib|x86
		Release|Any CPU = Release|Any CPU
		Release|x64 = Release|x64
		Release|x86 = Release|x86
		Release-Dll|Any CPU = Release-Dll|Any CPU
		Release-Dll|x64 = Release-Dll|x64
		Release-Dll|x86 = Release-Dll|x86
		Release-Lib|Any CPU = Release-Lib|Any CPU
		Release-Lib|x64 = Release-Lib|x64
		Release-Lib|x86 = Release-Lib|x86
	EndGlobalSection
	GlobalSection(ProjectConfigurationPlatforms) = postSolution
		{336A2653-5060-4F12-9E7A-8234307A8345}.Debug|Any CPU.ActiveCfg = Debug|Win32
		{336A2653-5060-4F12-9E7A-8234307A8345}.Debug|Any CPU.Build.0 = Debug|Win32
		{336A2653-5060-4F12-9E7A-8234307A8345}.Debug|x64.ActiveCfg = Debug|x64
		{336A2653-5060-4F12-9E7A-8234307A8345}.Debug|x64.Build.0 = Debug|x64
		{336A2653-5060-4F12-9E7A-8234307A8345}.Debug|x86.ActiveCfg = Debug|Win32
		{336A2653-5060-4F12-9E7A-8234307A8345}.Debug|x86.Build.0 = Debug|Win32
		{336A2653-5060-4F12-9E7A-8234307A8345}.Debug-Dll|Any CPU.ActiveCfg = Release|x64
		{336A2653-5060-4F12-9E7A-8234307A8345}.Debug-Dll|Any CPU.Build.0 = Release|x64
		{336A2653-5060-4F12-9E7A-8234307A8345}.Debug-Dll|Any CPU.Deploy.0 = Release|x64
		{336A2653-5060-4F12-9E7A-8234307A8345}.Debug-Dll|x64.ActiveCfg = Debug|x64
		{336A2653-5060-4F12-9E7A-8234307A8345}.Debug-Dll|x64.Build.0 = Debug|x64
		{336A2653-5060-4F12-9E7A-8234307A8345}.Debug-Dll|x64.Deploy.0 = Debug|x64
		{336A2653-5060-4F12-9E7A-8234307A8345}.Debug-Dll|x86.ActiveCfg = Debug|Win32
		{336A2653-5060-4F12-9E7A-8234307A8345}.Debug-Dll|x86.Build.0 = Debug|Win32
		{336A2653-5060-4F12-9E7A-8234307A8345}.Debug-Dll|x86.Deploy.0 = Debug|Win32
		{336A2653-5060-4F12-9E7A-8234307A8345}.Debug-Lib|Any CPU.ActiveCfg = Release|x64
		{336A2653-5060-4F12-9E7A-8234307A8345}.Debug-Lib|Any CPU.Build.0 = Release|x64
		{336A2653-5060-4F12-9E7A-8234307A8345}.Debug-Lib|Any CPU.Deploy.0 = Release|x64
		{336A2653-5060-4F12-9E7A-8234307A8345}.Debug-Lib|x64.ActiveCfg = Debug|x64
		{336A2653-5060-4F12-9E7A-8234307A8345}.Debug-Lib|x64.Build.0 = Debug|x64
		{336A2653-5060-4F12-9E7A-8234307A8345}.Debug-Lib|x64.Deploy.0 = Debug|x64
		{336A2653-5060-4F12-9E7A-8234307A8345}.Debug-Lib|x86.ActiveCfg = Debug|Win32
		{336A2653-5060-4F12-9E7A-8234307A8345}.Debug-Lib|x86.Build.0 = Debug|Win32
		{336A2653-5060-4F12-9E7A-8234307A8345}.Debug-Lib|x86.Deploy.0 = Debug|Win32
		{336A2653-5060-4F12-9E7A-8234307A8345}.Release|Any CPU.ActiveCfg = Release|Win32
		{336A2653-5060-4F12-9E7A-8234307A8345}.Release|x64.ActiveCfg = Release|x64
		{336A2653-5060-4F12-9E7A-8234307A8345}.Release|x64.Build.0 = Release|x64
		{336A2653-5060-4F12-9E7A-8234307A8345}.Release|x86.ActiveCfg = Release|Win32
		{336A2653-5060-4F12-9E7A-8234307A8345}.Release|x86.Build.0 = Release|Win32
		{336A2653-5060-4F12-9E7A-8234307A8345}.Release-Dll|Any CPU.ActiveCfg = Release|x64
		{336A2653-5060-4F12-9E7A-8234307A8345}.Release-Dll|Any CPU.Build.0 = Release|x64
		{336A2653-5060-4F12-9E7A-8234307A8345}.Release-Dll|Any CPU.Deploy.0 = Release|x64
		{336A2653-5060-4F12-9E7A-8234307A8345}.Release-Dll|x64.ActiveCfg = Release|x64
		{336A2653-5060-4F12-9E7A-8234307A8345}.Release-Dll|x64.Build.0 = Release|x64
		{336A2653-5060-4F12-9E7A-8234307A8345}.Release-Dll|x64.Deploy.0 = Release|x64
		{336A2653-5060-4F12-9E7A-8234307A8345}.Release-Dll|x86.ActiveCfg = Release|Win32
		{336A2653-5060-4F12-9E7A-8234307A8345}.Release-Dll|x86.Build.0 = Release|Win32
		{336A2653-5060-4F12-9E7A-8234307A8345}.Release-Dll|x86.Deploy.0 = Release|Win32
		{336A2653-5060-4F12-9E7A-8234307A8345}.Release-Lib|Any CPU.ActiveCfg = Release|x64
		{336A2653-5060-4F12-9E7A-8234307A8345}.Release-Lib|Any CPU.Build.0 = Release|x64
		{336A2653-5060-4F12-9E7A-8234307A8345}.Release-Lib|Any CPU.Deploy.0 = Release|x64
		{336A2653-5060-4F12-9E7A-8234307A8345}.Release-Lib|x64.ActiveCfg = Release|x64
		{336A2653-5060-4F12-9E7A-8234307A8345}.Release-Lib|x64.Build.0 = Release|x64
		{336A2653-5060-4F12-9E7A-8234307A8345}.Release-Lib|x64.Deploy.0 = Release|x64
		{336A2653-5060-4F12-9E7A-8234307A8345}.Release-Lib|x86.ActiveCfg = Release|Win32
		{336A2653-5060-4F12-9E7A-8234307A8345}.Release-Lib|x86.Build.0 = Release|Win32
		{336A2653-5060-4F12-9E7A-8234307A8345}.Release-Lib|x86.Deploy.0 = Release|Win32
		{1441267D-3F87-43FD-BF1E-1B5A7919410D}.Debug|Any CPU.ActiveCfg = Debug|Win32
		{1441267D-3F87-43FD-BF1E-1B5A7919410D}.Debug|Any CPU.Build.0 = Debug|Win32
		{1441267D-3F87-43FD-BF1E-1B5A7919410D}.Debug|x64.ActiveCfg = Debug|Win32
		{1441267D-3F87-43FD-BF1E-1B5A7919410D}.Debug|x86.ActiveCfg = Debug|Win32
		{1441267D-3F87-43FD-BF1E-1B5A7919410D}.Debug|x86.Build.0 = Debug|Win32
		{1441267D-3F87-43FD-BF1E-1B5A7919410D}.Debug-Dll|Any CPU.ActiveCfg = Release|Win32
		{1441267D-3F87-43FD-BF1E-1B5A7919410D}.Debug-Dll|Any CPU.Build.0 = Release|Win32
		{1441267D-3F87-43FD-BF1E-1B5A7919410D}.Debug-Dll|Any CPU.Deploy.0 = Release|Win32
		{1441267D-3F87-43FD-BF1E-1B5A7919410D}.Debug-Dll|x64.ActiveCfg = Release|Win32
		{1441267D-3F87-43FD-BF1E-1B5A7919410D}.Debug-Dll|x64.Build.0 = Release|Win32
		{1441267D-3F87-43FD-BF1E-1B5A7919410D}.Debug-Dll|x64.Deploy.0 = Release|Win32
		{1441267D-3F87-43FD-BF1E-1B5A7919410D}.Debug-Dll|x86.ActiveCfg = Debug|Win32
		{1441267D-3F87-43FD-BF1E-1B5A7919410D}.Debug-Dll|x86.Build.0 = Debug|Win32
		{1441267D-3F87-43FD-BF1E-1B5A7919410D}.Debug-Dll|x86.Deploy.0 = Debug|Win32
		{1441267D-3F87-43FD-BF1E-1B5A7919410D}.Debug-Lib|Any CPU.ActiveCfg = Release|Win32
		{1441267D-3F87-43FD-BF1E-1B5A7919410D}.Debug-Lib|Any CPU.Build.0 = Release|Win32
		{1441267D-3F87-43FD-BF1E-1B5A7919410D}.Debug-Lib|Any CPU.Deploy.0 = Release|Win32
		{1441267D-3F87-43FD-BF1E-1B5A7919410D}.Debug-Lib|x64.ActiveCfg = Release|Win32
		{1441267D-3F87-43FD-BF1E-1B5A7919410D}.Debug-Lib|x64.Build.0 = Release|Win32
		{1441267D-3F87-43FD-BF1E-1B5A7919410D}.Debug-Lib|x64.Deploy.0 = Release|Win32
		{1441267D-3F87-43FD-BF1E-1B5A7919410D}.Debug-Lib|x86.ActiveCfg = Debug|Win32
		{1441267D-3F87-43FD-BF1E-1B5A7919410D}.Debug-Lib|x86.Build.0 = Debug|Win32
		{1441267D-3F87-43FD-BF1E-1B5A7919410D}.Debug-Lib|x86.Deploy.0 = Debug|Win32
		{1441267D-3F87-43FD-BF1E-1B5A7919410D}.Release|Any CPU.ActiveCfg = Release|Win32
		{1441267D-3F87-43FD-BF1E-1B5A7919410D}.Release|x64.ActiveCfg = Release|Win32
		{1441267D-3F87-43FD-BF1E-1B5A7919410D}.Release|x86.ActiveCfg = Release|Win32
		{1441267D-3F87-43FD-BF1E-1B5A7919410D}.Release|x86.Build.0 = Release|Win32
		{1441267D-3F87-43FD-BF1E-1B5A7919410D}.Release-Dll|Any CPU.ActiveCfg = Release|Win32
		{1441267D-3F87-43FD-BF1E-1B5A7919410D}.Release-Dll|Any CPU.Build.0 = Release|Win32
		{1441267D-3F87-43FD-BF1E-1B5A7919410D}.Release-Dll|Any CPU.Deploy.0 = Release|Win32
		{1441267D-3F87-43FD-BF1E-1B5A7919410D}.Release-Dll|x64.ActiveCfg = Release|Win32
		{1441267D-3F87-43FD-BF1E-1B5A7919410D}.Release-Dll|x64.Build.0 = Release|Win32
		{1441267D-3F87-43FD-BF1E-1B5A7919410D}.Release-Dll|x64.Deploy.0 = Release|Win32
		{1441267D-3F87-43FD-BF1E-1B5A7919410D}.Release-Dll|x86.ActiveCfg = Release|Win32
		{1441267D-3F87-43FD-BF1E-1B5A7919410D}.Release-Dll|x86.Build.0 = Release|Win32
		{1441267D-3F87-43FD-BF1E-1B5A7919410D}.Release-Dll|x86.Deploy.0 = Release|Win32
		{1441267D-3F87-43FD-BF1E-1B5A7919410D}.Release-Lib|Any CPU.ActiveCfg = Release|Win32
		{1441267D-3F87-43FD-BF1E-1B5A7919410D}.Release-Lib|Any CPU.Build.0 = Release|Win32
		{1441267D-3F87-43FD-BF1E-1B5A7919410D}.Release-Lib|Any CPU.Deploy.0 = Release|Win32
		{1441267D-3F87-43FD-BF1E-1B5A7919410D}.Release-Lib|x64.ActiveCfg = Release|Win32
		{1441267D-3F87-43FD-BF1E-1B5A7919410D}.Release-Lib|x64.Build.0 = Release|Win32
		{1441267D-3F87-43FD-BF1E-1B5A7919410D}.Release-Lib|x64.Deploy.0 = Release|Win32
		{1441267D-3F87-43FD-BF1E-1B5A7919410D}.Release-Lib|x86.ActiveCfg = Release|Win32
		{1441267D-3F87-43FD-BF1E-1B5A7919410D}.Release-Lib|x86.Build.0 = Release|Win32
		{1441267D-3F87-43FD-BF1E-1B5A7919410D}.Release-Lib|x86.Deploy.0 = Release|Win32
		{36591920-2D57-49EA-9149-66D48BD73F2F}.Debug|Any CPU.ActiveCfg = Debug|Any CPU
		{36591920-2D57-49EA-9149-66D48BD73F2F}.Debug|Any CPU.Build.0 = Debug|Any CPU
		{36591920-2D57-49EA-9149-66D48BD73F2F}.Debug|x64.ActiveCfg = Debug|Any CPU
		{36591920-2D57-49EA-9149-66D48BD73F2F}.Debug|x64.Build.0 = Debug|Any CPU
		{36591920-2D57-49EA-9149-66D48BD73F2F}.Debug|x86.ActiveCfg = Debug|Any CPU
		{36591920-2D57-49EA-9149-66D48BD73F2F}.Debug|x86.Build.0 = Debug|Any CPU
		{36591920-2D57-49EA-9149-66D48BD73F2F}.Debug-Dll|Any CPU.ActiveCfg = Debug|Any CPU
		{36591920-2D57-49EA-9149-66D48BD73F2F}.Debug-Dll|Any CPU.Build.0 = Debug|Any CPU
		{36591920-2D57-49EA-9149-66D48BD73F2F}.Debug-Dll|x64.ActiveCfg = Debug|Any CPU
		{36591920-2D57-49EA-9149-66D48BD73F2F}.Debug-Dll|x64.Build.0 = Debug|Any CPU
		{36591920-2D57-49EA-9149-66D48BD73F2F}.Debug-Dll|x86.ActiveCfg = Debug|Any CPU
		{36591920-2D57-49EA-9149-66D48BD73F2F}.Debug-Dll|x86.Build.0 = Debug|Any CPU
		{36591920-2D57-49EA-9149-66D48BD73F2F}.Debug-Lib|Any CPU.ActiveCfg = Debug|Any CPU
		{36591920-2D57-49EA-9149-66D48BD73F2F}.Debug-Lib|Any CPU.Build.0 = Debug|Any CPU
		{36591920-2D57-49EA-9149-66D48BD73F2F}.Debug-Lib|x64.ActiveCfg = Debug|Any CPU
		{36591920-2D57-49EA-9149-66D48BD73F2F}.Debug-Lib|x64.Build.0 = Debug|Any CPU
		{36591920-2D57-49EA-9149-66D48BD73F2F}.Debug-Lib|x86.ActiveCfg = Debug|Any CPU
		{36591920-2D57-49EA-9149-66D48BD73F2F}.Debug-Lib|x86.Build.0 = Debug|Any CPU
		{36591920-2D57-49EA-9149-66D48BD73F2F}.Release|Any CPU.ActiveCfg = Release|Any CPU
		{36591920-2D57-49EA-9149-66D48BD73F2F}.Release|Any CPU.Build.0 = Release|Any CPU
		{36591920-2D57-49EA-9149-66D48BD73F2F}.Release|x64.ActiveCfg = Release|Any CPU
		{36591920-2D57-49EA-9149-66D48BD73F2F}.Release|x64.Build.0 = Release|Any CPU
		{36591920-2D57-49EA-9149-66D48BD73F2F}.Release|x86.ActiveCfg = Release|Any CPU
		{36591920-2D57-49EA-9149-66D48BD73F2F}.Release|x86.Build.0 = Release|Any CPU
		{36591920-2D57-49EA-9149-66D48BD73F2F}.Release-Dll|Any CPU.ActiveCfg = Release|Any CPU
		{36591920-2D57-49EA-9149-66D48BD73F2F}.Release-Dll|Any CPU.Build.0 = Release|Any CPU
		{36591920-2D57-49EA-9149-66D48BD73F2F}.Release-Dll|x64.ActiveCfg = Release|Any CPU
		{36591920-2D57-49EA-9149-66D48BD73F2F}.Release-Dll|x64.Build.0 = Release|Any CPU
		{36591920-2D57-49EA-9149-66D48BD73F2F}.Release-Dll|x86.ActiveCfg = Release|Any CPU
		{36591920-2D57-49EA-9149-66D48BD73F2F}.Release-Dll|x86.Build.0 = Release|Any CPU
		{36591920-2D57-49EA-9149-66D48BD73F2F}.Release-Lib|Any CPU.ActiveCfg = Release|Any CPU
		{36591920-2D57-49EA-9149-66D48BD73F2F}.Release-Lib|Any CPU.Build.0 = Release|Any CPU
		{36591920-2D57-49EA-9149-66D48BD73F2F}.Release-Lib|x64.ActiveCfg = Release|Any CPU
		{36591920-2D57-49EA-9149-66D48BD73F2F}.Release-Lib|x64.Build.0 = Release|Any CPU
		{36591920-2D57-49EA-9149-66D48BD73F2F}.Release-Lib|x86.ActiveCfg = Release|Any CPU
		{36591920-2D57-49EA-9149-66D48BD73F2F}.Release-Lib|x86.Build.0 = Release|Any CPU
		{3D84CE03-5613-45B1-81A1-76F538BA2572}.Debug|Any CPU.ActiveCfg = Debug|Any CPU
		{3D84CE03-5613-45B1-81A1-76F538BA2572}.Debug|Any CPU.Build.0 = Debug|Any CPU
		{3D84CE03-5613-45B1-81A1-76F538BA2572}.Debug|x64.ActiveCfg = Debug|Any CPU
		{3D84CE03-5613-45B1-81A1-76F538BA2572}.Debug|x64.Build.0 = Debug|Any CPU
		{3D84CE03-5613-45B1-81A1-76F538BA2572}.Debug|x86.ActiveCfg = Debug|Any CPU
		{3D84CE03-5613-45B1-81A1-76F538BA2572}.Debug|x86.Build.0 = Debug|Any CPU
		{3D84CE03-5613-45B1-81A1-76F538BA2572}.Debug-Dll|Any CPU.ActiveCfg = Debug|Any CPU
		{3D84CE03-5613-45B1-81A1-76F538BA2572}.Debug-Dll|Any CPU.Build.0 = Debug|Any CPU
		{3D84CE03-5613-45B1-81A1-76F538BA2572}.Debug-Dll|x64.ActiveCfg = Debug|Any CPU
		{3D84CE03-5613-45B1-81A1-76F538BA2572}.Debug-Dll|x64.Build.0 = Debug|Any CPU
		{3D84CE03-5613-45B1-81A1-76F538BA2572}.Debug-Dll|x86.ActiveCfg = Debug|Any CPU
		{3D84CE03-5613-45B1-81A1-76F538BA2572}.Debug-Dll|x86.Build.0 = Debug|Any CPU
		{3D84CE03-5613-45B1-81A1-76F538BA2572}.Debug-Lib|Any CPU.ActiveCfg = Debug|Any CPU
		{3D84CE03-5613-45B1-81A1-76F538BA2572}.Debug-Lib|Any CPU.Build.0 = Debug|Any CPU
		{3D84CE03-5613-45B1-81A1-76F538BA2572}.Debug-Lib|x64.ActiveCfg = Debug|Any CPU
		{3D84CE03-5613-45B1-81A1-76F538BA2572}.Debug-Lib|x64.Build.0 = Debug|Any CPU
		{3D84CE03-5613-45B1-81A1-76F538BA2572}.Debug-Lib|x86.ActiveCfg = Debug|Any CPU
		{3D84CE03-5613-45B1-81A1-76F538BA2572}.Debug-Lib|x86.Build.0 = Debug|Any CPU
		{3D84CE03-5613-45B1-81A1-76F538BA2572}.Release|Any CPU.ActiveCfg = Release|Any CPU
		{3D84CE03-5613-45B1-81A1-76F538BA2572}.Release|Any CPU.Build.0 = Release|Any CPU
		{3D84CE03-5613-45B1-81A1-76F538BA2572}.Release|x64.ActiveCfg = Release|Any CPU
		{3D84CE03-5613-45B1-81A1-76F538BA2572}.Release|x64.Build.0 = Release|Any CPU
		{3D84CE03-5613-45B1-81A1-76F538BA2572}.Release|x86.ActiveCfg = Release|Any CPU
		{3D84CE03-5613-45B1-81A1-76F538BA2572}.Release|x86.Build.0 = Release|Any CPU
		{3D84CE03-5613-45B1-81A1-76F538BA2572}.Release-Dll|Any CPU.ActiveCfg = Release|Any CPU
		{3D84CE03-5613-45B1-81A1-76F538BA2572}.Release-Dll|Any CPU.Build.0 = Release|Any CPU
		{3D84CE03-5613-45B1-81A1-76F538BA2572}.Release-Dll|x64.ActiveCfg = Release|Any CPU
		{3D84CE03-5613-45B1-81A1-76F538BA2572}.Release-Dll|x64.Build.0 = Release|Any CPU
		{3D84CE03-5613-45B1-81A1-76F538BA2572}.Release-Dll|x86.ActiveCfg = Release|Any CPU
		{3D84CE03-5613-45B1-81A1-76F538BA2572}.Release-Dll|x86.Build.0 = Release|Any CPU
		{3D84CE03-5613-45B1-81A1-76F538BA2572}.Release-Lib|Any CPU.ActiveCfg = Release|Any CPU
		{3D84CE03-5613-45B1-81A1-76F538BA2572}.Release-Lib|Any CPU.Build.0 = Release|Any CPU
		{3D84CE03-5613-45B1-81A1-76F538BA2572}.Release-Lib|x64.ActiveCfg = Release|Any CPU
		{3D84CE03-5613-45B1-81A1-76F538BA2572}.Release-Lib|x64.Build.0 = Release|Any CPU
		{3D84CE03-5613-45B1-81A1-76F538BA2572}.Release-Lib|x86.ActiveCfg = Release|Any CPU
		{3D84CE03-5613-45B1-81A1-76F538BA2572}.Release-Lib|x86.Build.0 = Release|Any CPU
		{D1C528B6-AA02-4D29-9D61-DC08E317A70D}.Debug|Any CPU.ActiveCfg = Debug-Dll|Win32
		{D1C528B6-AA02-4D29-9D61-DC08E317A70D}.Debug|Any CPU.Build.0 = Debug-Dll|Win32
		{D1C528B6-AA02-4D29-9D61-DC08E317A70D}.Debug|x64.ActiveCfg = Debug-Dll|x64
		{D1C528B6-AA02-4D29-9D61-DC08E317A70D}.Debug|x64.Build.0 = Debug-Dll|x64
		{D1C528B6-AA02-4D29-9D61-DC08E317A70D}.Debug|x86.ActiveCfg = Debug-Dll|Win32
		{D1C528B6-AA02-4D29-9D61-DC08E317A70D}.Debug|x86.Build.0 = Debug-Dll|Win32
		{D1C528B6-AA02-4D29-9D61-DC08E317A70D}.Debug-Dll|Any CPU.ActiveCfg = Debug-Dll|Win32
		{D1C528B6-AA02-4D29-9D61-DC08E317A70D}.Debug-Dll|x64.ActiveCfg = Debug-Dll|x64
		{D1C528B6-AA02-4D29-9D61-DC08E317A70D}.Debug-Dll|x64.Build.0 = Debug-Dll|x64
		{D1C528B6-AA02-4D29-9D61-DC08E317A70D}.Debug-Dll|x86.ActiveCfg = Debug-Dll|Win32
		{D1C528B6-AA02-4D29-9D61-DC08E317A70D}.Debug-Dll|x86.Build.0 = Debug-Dll|Win32
		{D1C528B6-AA02-4D29-9D61-DC08E317A70D}.Debug-Lib|Any CPU.ActiveCfg = Debug-Lib|Win32
		{D1C528B6-AA02-4D29-9D61-DC08E317A70D}.Debug-Lib|x64.ActiveCfg = Debug-Lib|x64
		{D1C528B6-AA02-4D29-9D61-DC08E317A70D}.Debug-Lib|x64.Build.0 = Debug-Lib|x64
		{D1C528B6-AA02-4D29-9D61-DC08E317A70D}.Debug-Lib|x86.ActiveCfg = Debug-Lib|Win32
		{D1C528B6-AA02-4D29-9D61-DC08E317A70D}.Debug-Lib|x86.Build.0 = Debug-Lib|Win32
		{D1C528B6-AA02-4D29-9D61-DC08E317A70D}.Release|Any CPU.ActiveCfg = Debug-Dll|x64
		{D1C528B6-AA02-4D29-9D61-DC08E317A70D}.Release|Any CPU.Build.0 = Debug-Dll|x64
		{D1C528B6-AA02-4D29-9D61-DC08E317A70D}.Release|x64.ActiveCfg = Release-Lib|x64
		{D1C528B6-AA02-4D29-9D61-DC08E317A70D}.Release|x64.Build.0 = Release-Lib|x64
		{D1C528B6-AA02-4D29-9D61-DC08E317A70D}.Release|x86.ActiveCfg = Release-Lib|Win32
		{D1C528B6-AA02-4D29-9D61-DC08E317A70D}.Release|x86.Build.0 = Release-Lib|Win32
		{D1C528B6-AA02-4D29-9D61-DC08E317A70D}.Release-Dll|Any CPU.ActiveCfg = Release-Dll|Win32
		{D1C528B6-AA02-4D29-9D61-DC08E317A70D}.Release-Dll|x64.ActiveCfg = Release-Dll|x64
		{D1C528B6-AA02-4D29-9D61-DC08E317A70D}.Release-Dll|x64.Build.0 = Release-Dll|x64
		{D1C528B6-AA02-4D29-9D61-DC08E317A70D}.Release-Dll|x86.ActiveCfg = Release-Dll|Win32
		{D1C528B6-AA02-4D29-9D61-DC08E317A70D}.Release-Dll|x86.Build.0 = Release-Dll|Win32
		{D1C528B6-AA02-4D29-9D61-DC08E317A70D}.Release-Lib|Any CPU.ActiveCfg = Release-Lib|Win32
		{D1C528B6-AA02-4D29-9D61-DC08E317A70D}.Release-Lib|x64.ActiveCfg = Release-Lib|x64
		{D1C528B6-AA02-4D29-9D61-DC08E317A70D}.Release-Lib|x64.Build.0 = Release-Lib|x64
		{D1C528B6-AA02-4D29-9D61-DC08E317A70D}.Release-Lib|x86.ActiveCfg = Release-Lib|Win32
		{D1C528B6-AA02-4D29-9D61-DC08E317A70D}.Release-Lib|x86.Build.0 = Release-Lib|Win32
	EndGlobalSection
	GlobalSection(SolutionProperties) = preSolution
		HideSolutionNode = FALSE
	EndGlobalSection
EndGlobal
